
Microsoft Visual Studio Solution File, Format Version 12.00
# Visual Studio Version 17
VisualStudioVersion = 17.6.33723.286
MinimumVisualStudioVersion = 10.0.40219.1
Project("{FAE04EC0-301F-11D3-BF4B-00C04F79EFBC}") = "MovieRecommender", "MovieRecommender\MovieRecommender.csproj", "{054CFB9F-9A01-48EA-9212-8E65F3B77EF7}"
EndProject
Global
	GlobalSection(SolutionConfigurationPlatforms) = preSolution
		Debug|Any CPU = Debug|Any CPU
		Release|Any CPU = Release|Any CPU
	EndGlobalSection
	GlobalSection(ProjectConfigurationPlatforms) = postSolution
		{054CFB9F-9A01-48EA-9212-8E65F3B77EF7}.Debug|Any CPU.ActiveCfg = Debug|Any CPU
		{054CFB9F-9A01-48EA-9212-8E65F3B77EF7}.Debug|Any CPU.Build.0 = Debug|Any CPU
		{054CFB9F-9A01-48EA-9212-8E65F3B77EF7}.Release|Any CPU.ActiveCfg = Release|Any CPU
		{054CFB9F-9A01-48EA-9212-8E65F3B77EF7}.Release|Any CPU.Build.0 = Release|Any CPU
	EndGlobalSection
	GlobalSection(SolutionProperties) = preSolution
		HideSolutionNode = FALSE
	EndGlobalSection
	GlobalSection(ExtensibilityGlobals) = postSolution
		SolutionGuid = {E18F9C1B-1ECF-47E7-B52C-1F24F823775A}
	EndGlobalSection
EndGlobal
