
Microsoft Visual Studio Solution File, Format Version 12.00
# Visual Studio Version 17
VisualStudioVersion = 17.13.35825.156 d17.13
MinimumVisualStudioVersion = 10.0.40219.1
Project("{FAE04EC0-301F-11D3-BF4B-00C04F79EFBC}") = "MovieRecommender", "MovieRecommender\MovieRecommender.csproj", "{F57E665C-AF96-42E8-8880-D5479574CDC7}"
EndProject
Global
	GlobalSection(SolutionConfigurationPlatforms) = preSolution
		Debug|Any CPU = Debug|Any CPU
		Release|Any CPU = Release|Any CPU
	EndGlobalSection
	GlobalSection(ProjectConfigurationPlatforms) = postSolution
		{F57E665C-AF96-42E8-8880-D5479574CDC7}.Debug|Any CPU.ActiveCfg = Debug|Any CPU
		{F57E665C-AF96-42E8-8880-D5479574CDC7}.Debug|Any CPU.Build.0 = Debug|Any CPU
		{F57E665C-AF96-42E8-8880-D5479574CDC7}.Release|Any CPU.ActiveCfg = Release|Any CPU
		{F57E665C-AF96-42E8-8880-D5479574CDC7}.Release|Any CPU.Build.0 = Release|Any CPU
	EndGlobalSection
	GlobalSection(SolutionProperties) = preSolution
		HideSolutionNode = FALSE
	EndGlobalSection
	GlobalSection(ExtensibilityGlobals) = postSolution
		SolutionGuid = {3DC43953-4B35-42EC-A1AF-DDF1F46A1564}
	EndGlobalSection
EndGlobal
